
Microsoft Visual Studio Solution File, Format Version 12.00
# Visual Studio 2012
VisualStudioVersion = 12.0.30501.0
MinimumVisualStudioVersion = 10.0.40219.1
Project("{D954291E-2A0B-460D-934E-DC6B0785DB48}") = "EvolveQuest.Shared", "EvolveQuest.Shared\EvolveQuest.Shared.shproj", "{8AAA4114-F076-4FAB-89D0-E3500E28CCC0}"
EndProject
Project("{2150E333-8FDC-42A3-9474-1A3956D46DE8}") = "Targets", "Targets", "{15FADD3C-E451-40FB-96DF-DF8BB81F0C83}"
EndProject
Project("{FAE04EC0-301F-11D3-BF4B-00C04F79EFBC}") = "EvolveQuest.iOS", "EvolveQuest.iOS\EvolveQuest.iOS.csproj", "{1813F3B1-709A-490F-B09D-03DA2CBFDFC3}"
EndProject
Project("{FAE04EC0-301F-11D3-BF4B-00C04F79EFBC}") = "EvolveQuest.Android", "EvolveQuest.Android\EvolveQuest.Android.csproj", "{5A5657F3-A07D-43F5-BDE4-88C085708A52}"
EndProject
Project("{FAE04EC0-301F-11D3-BF4B-00C04F79EFBC}") = "EvolveQuest.WinPhone", "EvolveQuest.WinPhone\EvolveQuest.WinPhone.csproj", "{13A16FB7-96C3-4063-B147-F3A7E65D0861}"
EndProject
Project("{2150E333-8FDC-42A3-9474-1A3956D46DE8}") = ".nuget", ".nuget", "{6AD6A83A-2F40-4E96-9E27-7577489A84F2}"
	ProjectSection(SolutionItems) = preProject
		.nuget\NuGet.Config = .nuget\NuGet.Config
		.nuget\NuGet.exe = .nuget\NuGet.exe
		.nuget\NuGet.targets = .nuget\NuGet.targets
	EndProjectSection
EndProject
Project("{FAE04EC0-301F-11D3-BF4B-00C04F79EFBC}") = "EvolveQuest.Analysis", "EvolveQuest.Analysis\EvolveQuest.Analysis.csproj", "{6F1B24E3-84C7-44E2-A8E9-1A48C7EBD8EC}"
EndProject
Project("{FAE04EC0-301F-11D3-BF4B-00C04F79EFBC}") = "Tester", "Tester\Tester.csproj", "{AB32820E-E6DF-4C11-8733-D46931BCF647}"
EndProject
Global
	GlobalSection(SolutionConfigurationPlatforms) = preSolution
		Ad-Hoc|Any CPU = Ad-Hoc|Any CPU
		Ad-Hoc|ARM = Ad-Hoc|ARM
		Ad-Hoc|iPhone = Ad-Hoc|iPhone
		Ad-Hoc|iPhoneSimulator = Ad-Hoc|iPhoneSimulator
		Ad-Hoc|Mixed Platforms = Ad-Hoc|Mixed Platforms
		Ad-Hoc|x86 = Ad-Hoc|x86
		AppStore|Any CPU = AppStore|Any CPU
		AppStore|ARM = AppStore|ARM
		AppStore|iPhone = AppStore|iPhone
		AppStore|iPhoneSimulator = AppStore|iPhoneSimulator
		AppStore|Mixed Platforms = AppStore|Mixed Platforms
		AppStore|x86 = AppStore|x86
		Debug|Any CPU = Debug|Any CPU
		Debug|ARM = Debug|ARM
		Debug|iPhone = Debug|iPhone
		Debug|iPhoneSimulator = Debug|iPhoneSimulator
		Debug|Mixed Platforms = Debug|Mixed Platforms
		Debug|x86 = Debug|x86
		Release|Any CPU = Release|Any CPU
		Release|ARM = Release|ARM
		Release|iPhone = Release|iPhone
		Release|iPhoneSimulator = Release|iPhoneSimulator
		Release|Mixed Platforms = Release|Mixed Platforms
		Release|x86 = Release|x86
	EndGlobalSection
	GlobalSection(ProjectConfigurationPlatforms) = postSolution
		{13A16FB7-96C3-4063-B147-F3A7E65D0861}.Ad-Hoc|Any CPU.ActiveCfg = Release|Any CPU
		{13A16FB7-96C3-4063-B147-F3A7E65D0861}.Ad-Hoc|Any CPU.Build.0 = Release|Any CPU
		{13A16FB7-96C3-4063-B147-F3A7E65D0861}.Ad-Hoc|Any CPU.Deploy.0 = Release|Any CPU
		{13A16FB7-96C3-4063-B147-F3A7E65D0861}.Ad-Hoc|ARM.ActiveCfg = Release|ARM
		{13A16FB7-96C3-4063-B147-F3A7E65D0861}.Ad-Hoc|ARM.Build.0 = Release|ARM
		{13A16FB7-96C3-4063-B147-F3A7E65D0861}.Ad-Hoc|ARM.Deploy.0 = Release|ARM
		{13A16FB7-96C3-4063-B147-F3A7E65D0861}.Ad-Hoc|iPhone.ActiveCfg = Release|Any CPU
		{13A16FB7-96C3-4063-B147-F3A7E65D0861}.Ad-Hoc|iPhoneSimulator.ActiveCfg = Release|Any CPU
		{13A16FB7-96C3-4063-B147-F3A7E65D0861}.Ad-Hoc|Mixed Platforms.ActiveCfg = Release|x86
		{13A16FB7-96C3-4063-B147-F3A7E65D0861}.Ad-Hoc|Mixed Platforms.Build.0 = Release|x86
		{13A16FB7-96C3-4063-B147-F3A7E65D0861}.Ad-Hoc|Mixed Platforms.Deploy.0 = Release|x86
		{13A16FB7-96C3-4063-B147-F3A7E65D0861}.Ad-Hoc|x86.ActiveCfg = Release|x86
		{13A16FB7-96C3-4063-B147-F3A7E65D0861}.Ad-Hoc|x86.Build.0 = Release|x86
		{13A16FB7-96C3-4063-B147-F3A7E65D0861}.Ad-Hoc|x86.Deploy.0 = Release|x86
		{13A16FB7-96C3-4063-B147-F3A7E65D0861}.AppStore|Any CPU.ActiveCfg = Release|Any CPU
		{13A16FB7-96C3-4063-B147-F3A7E65D0861}.AppStore|Any CPU.Build.0 = Release|Any CPU
		{13A16FB7-96C3-4063-B147-F3A7E65D0861}.AppStore|Any CPU.Deploy.0 = Release|Any CPU
		{13A16FB7-96C3-4063-B147-F3A7E65D0861}.AppStore|ARM.ActiveCfg = Release|ARM
		{13A16FB7-96C3-4063-B147-F3A7E65D0861}.AppStore|ARM.Build.0 = Release|ARM
		{13A16FB7-96C3-4063-B147-F3A7E65D0861}.AppStore|ARM.Deploy.0 = Release|ARM
		{13A16FB7-96C3-4063-B147-F3A7E65D0861}.AppStore|iPhone.ActiveCfg = Release|Any CPU
		{13A16FB7-96C3-4063-B147-F3A7E65D0861}.AppStore|iPhoneSimulator.ActiveCfg = Release|Any CPU
		{13A16FB7-96C3-4063-B147-F3A7E65D0861}.AppStore|Mixed Platforms.ActiveCfg = Release|x86
		{13A16FB7-96C3-4063-B147-F3A7E65D0861}.AppStore|Mixed Platforms.Build.0 = Release|x86
		{13A16FB7-96C3-4063-B147-F3A7E65D0861}.AppStore|Mixed Platforms.Deploy.0 = Release|x86
		{13A16FB7-96C3-4063-B147-F3A7E65D0861}.AppStore|x86.ActiveCfg = Release|x86
		{13A16FB7-96C3-4063-B147-F3A7E65D0861}.AppStore|x86.Build.0 = Release|x86
		{13A16FB7-96C3-4063-B147-F3A7E65D0861}.AppStore|x86.Deploy.0 = Release|x86
		{13A16FB7-96C3-4063-B147-F3A7E65D0861}.Debug|Any CPU.ActiveCfg = Debug|Any CPU
		{13A16FB7-96C3-4063-B147-F3A7E65D0861}.Debug|Any CPU.Build.0 = Debug|Any CPU
		{13A16FB7-96C3-4063-B147-F3A7E65D0861}.Debug|Any CPU.Deploy.0 = Debug|Any CPU
		{13A16FB7-96C3-4063-B147-F3A7E65D0861}.Debug|ARM.ActiveCfg = Debug|ARM
		{13A16FB7-96C3-4063-B147-F3A7E65D0861}.Debug|ARM.Build.0 = Debug|ARM
		{13A16FB7-96C3-4063-B147-F3A7E65D0861}.Debug|ARM.Deploy.0 = Debug|ARM
		{13A16FB7-96C3-4063-B147-F3A7E65D0861}.Debug|iPhone.ActiveCfg = Debug|Any CPU
		{13A16FB7-96C3-4063-B147-F3A7E65D0861}.Debug|iPhoneSimulator.ActiveCfg = Debug|Any CPU
		{13A16FB7-96C3-4063-B147-F3A7E65D0861}.Debug|Mixed Platforms.ActiveCfg = Debug|Any CPU
		{13A16FB7-96C3-4063-B147-F3A7E65D0861}.Debug|Mixed Platforms.Build.0 = Debug|Any CPU
		{13A16FB7-96C3-4063-B147-F3A7E65D0861}.Debug|Mixed Platforms.Deploy.0 = Debug|Any CPU
		{13A16FB7-96C3-4063-B147-F3A7E65D0861}.Debug|x86.ActiveCfg = Debug|x86
		{13A16FB7-96C3-4063-B147-F3A7E65D0861}.Debug|x86.Build.0 = Debug|x86
		{13A16FB7-96C3-4063-B147-F3A7E65D0861}.Debug|x86.Deploy.0 = Debug|x86
		{13A16FB7-96C3-4063-B147-F3A7E65D0861}.Release|Any CPU.ActiveCfg = Release|Any CPU
		{13A16FB7-96C3-4063-B147-F3A7E65D0861}.Release|Any CPU.Build.0 = Release|Any CPU
		{13A16FB7-96C3-4063-B147-F3A7E65D0861}.Release|Any CPU.Deploy.0 = Release|Any CPU
		{13A16FB7-96C3-4063-B147-F3A7E65D0861}.Release|ARM.ActiveCfg = Release|ARM
		{13A16FB7-96C3-4063-B147-F3A7E65D0861}.Release|ARM.Build.0 = Release|ARM
		{13A16FB7-96C3-4063-B147-F3A7E65D0861}.Release|ARM.Deploy.0 = Release|ARM
		{13A16FB7-96C3-4063-B147-F3A7E65D0861}.Release|iPhone.ActiveCfg = Release|Any CPU
		{13A16FB7-96C3-4063-B147-F3A7E65D0861}.Release|iPhoneSimulator.ActiveCfg = Release|Any CPU
		{13A16FB7-96C3-4063-B147-F3A7E65D0861}.Release|Mixed Platforms.ActiveCfg = Release|x86
		{13A16FB7-96C3-4063-B147-F3A7E65D0861}.Release|Mixed Platforms.Build.0 = Release|x86
		{13A16FB7-96C3-4063-B147-F3A7E65D0861}.Release|Mixed Platforms.Deploy.0 = Release|x86
		{13A16FB7-96C3-4063-B147-F3A7E65D0861}.Release|x86.ActiveCfg = Release|x86
		{13A16FB7-96C3-4063-B147-F3A7E65D0861}.Release|x86.Build.0 = Release|x86
		{13A16FB7-96C3-4063-B147-F3A7E65D0861}.Release|x86.Deploy.0 = Release|x86
		{1813F3B1-709A-490F-B09D-03DA2CBFDFC3}.Ad-Hoc|Any CPU.ActiveCfg = Ad-Hoc|iPhone
		{1813F3B1-709A-490F-B09D-03DA2CBFDFC3}.Ad-Hoc|ARM.ActiveCfg = Ad-Hoc|iPhone
		{1813F3B1-709A-490F-B09D-03DA2CBFDFC3}.Ad-Hoc|iPhone.ActiveCfg = Ad-Hoc|iPhone
		{1813F3B1-709A-490F-B09D-03DA2CBFDFC3}.Ad-Hoc|iPhone.Build.0 = Ad-Hoc|iPhone
		{1813F3B1-709A-490F-B09D-03DA2CBFDFC3}.Ad-Hoc|iPhoneSimulator.ActiveCfg = Ad-Hoc|iPhoneSimulator
		{1813F3B1-709A-490F-B09D-03DA2CBFDFC3}.Ad-Hoc|iPhoneSimulator.Build.0 = Ad-Hoc|iPhoneSimulator
		{1813F3B1-709A-490F-B09D-03DA2CBFDFC3}.Ad-Hoc|Mixed Platforms.ActiveCfg = Ad-Hoc|iPhone
		{1813F3B1-709A-490F-B09D-03DA2CBFDFC3}.Ad-Hoc|Mixed Platforms.Build.0 = Ad-Hoc|iPhone
		{1813F3B1-709A-490F-B09D-03DA2CBFDFC3}.Ad-Hoc|x86.ActiveCfg = Ad-Hoc|iPhone
		{1813F3B1-709A-490F-B09D-03DA2CBFDFC3}.AppStore|Any CPU.ActiveCfg = AppStore|iPhone
		{1813F3B1-709A-490F-B09D-03DA2CBFDFC3}.AppStore|ARM.ActiveCfg = AppStore|iPhone
		{1813F3B1-709A-490F-B09D-03DA2CBFDFC3}.AppStore|iPhone.ActiveCfg = AppStore|iPhone
		{1813F3B1-709A-490F-B09D-03DA2CBFDFC3}.AppStore|iPhone.Build.0 = AppStore|iPhone
		{1813F3B1-709A-490F-B09D-03DA2CBFDFC3}.AppStore|iPhoneSimulator.ActiveCfg = AppStore|iPhoneSimulator
		{1813F3B1-709A-490F-B09D-03DA2CBFDFC3}.AppStore|iPhoneSimulator.Build.0 = AppStore|iPhoneSimulator
		{1813F3B1-709A-490F-B09D-03DA2CBFDFC3}.AppStore|Mixed Platforms.ActiveCfg = AppStore|iPhone
		{1813F3B1-709A-490F-B09D-03DA2CBFDFC3}.AppStore|Mixed Platforms.Build.0 = AppStore|iPhone
		{1813F3B1-709A-490F-B09D-03DA2CBFDFC3}.AppStore|x86.ActiveCfg = AppStore|iPhone
		{1813F3B1-709A-490F-B09D-03DA2CBFDFC3}.Debug|Any CPU.ActiveCfg = Debug|iPhone
		{1813F3B1-709A-490F-B09D-03DA2CBFDFC3}.Debug|Any CPU.Build.0 = Debug|iPhone
		{1813F3B1-709A-490F-B09D-03DA2CBFDFC3}.Debug|ARM.ActiveCfg = Debug|iPhone
		{1813F3B1-709A-490F-B09D-03DA2CBFDFC3}.Debug|iPhone.ActiveCfg = Debug|iPhone
		{1813F3B1-709A-490F-B09D-03DA2CBFDFC3}.Debug|iPhone.Build.0 = Debug|iPhone
		{1813F3B1-709A-490F-B09D-03DA2CBFDFC3}.Debug|iPhoneSimulator.ActiveCfg = Debug|iPhoneSimulator
		{1813F3B1-709A-490F-B09D-03DA2CBFDFC3}.Debug|iPhoneSimulator.Build.0 = Debug|iPhoneSimulator
		{1813F3B1-709A-490F-B09D-03DA2CBFDFC3}.Debug|Mixed Platforms.ActiveCfg = Debug|iPhoneSimulator
		{1813F3B1-709A-490F-B09D-03DA2CBFDFC3}.Debug|Mixed Platforms.Build.0 = Debug|iPhoneSimulator
		{1813F3B1-709A-490F-B09D-03DA2CBFDFC3}.Debug|x86.ActiveCfg = Debug|iPhone
		{1813F3B1-709A-490F-B09D-03DA2CBFDFC3}.Release|Any CPU.ActiveCfg = Release|iPhone
		{1813F3B1-709A-490F-B09D-03DA2CBFDFC3}.Release|ARM.ActiveCfg = Release|iPhone
		{1813F3B1-709A-490F-B09D-03DA2CBFDFC3}.Release|iPhone.ActiveCfg = Release|iPhone
		{1813F3B1-709A-490F-B09D-03DA2CBFDFC3}.Release|iPhone.Build.0 = Release|iPhone
		{1813F3B1-709A-490F-B09D-03DA2CBFDFC3}.Release|iPhoneSimulator.ActiveCfg = Release|iPhoneSimulator
		{1813F3B1-709A-490F-B09D-03DA2CBFDFC3}.Release|iPhoneSimulator.Build.0 = Release|iPhoneSimulator
		{1813F3B1-709A-490F-B09D-03DA2CBFDFC3}.Release|Mixed Platforms.ActiveCfg = Release|iPhone
		{1813F3B1-709A-490F-B09D-03DA2CBFDFC3}.Release|Mixed Platforms.Build.0 = Release|iPhone
		{1813F3B1-709A-490F-B09D-03DA2CBFDFC3}.Release|x86.ActiveCfg = Release|iPhone
		{5A5657F3-A07D-43F5-BDE4-88C085708A52}.Ad-Hoc|Any CPU.ActiveCfg = Release|Any CPU
		{5A5657F3-A07D-43F5-BDE4-88C085708A52}.Ad-Hoc|Any CPU.Build.0 = Release|Any CPU
		{5A5657F3-A07D-43F5-BDE4-88C085708A52}.Ad-Hoc|Any CPU.Deploy.0 = Release|Any CPU
		{5A5657F3-A07D-43F5-BDE4-88C085708A52}.Ad-Hoc|ARM.ActiveCfg = Release|Any CPU
		{5A5657F3-A07D-43F5-BDE4-88C085708A52}.Ad-Hoc|iPhone.ActiveCfg = Release|Any CPU
		{5A5657F3-A07D-43F5-BDE4-88C085708A52}.Ad-Hoc|iPhoneSimulator.ActiveCfg = Release|Any CPU
		{5A5657F3-A07D-43F5-BDE4-88C085708A52}.Ad-Hoc|Mixed Platforms.ActiveCfg = Release|Any CPU
		{5A5657F3-A07D-43F5-BDE4-88C085708A52}.Ad-Hoc|Mixed Platforms.Build.0 = Release|Any CPU
		{5A5657F3-A07D-43F5-BDE4-88C085708A52}.Ad-Hoc|Mixed Platforms.Deploy.0 = Release|Any CPU
		{5A5657F3-A07D-43F5-BDE4-88C085708A52}.Ad-Hoc|x86.ActiveCfg = Release|Any CPU
		{5A5657F3-A07D-43F5-BDE4-88C085708A52}.AppStore|Any CPU.ActiveCfg = Release|Any CPU
		{5A5657F3-A07D-43F5-BDE4-88C085708A52}.AppStore|Any CPU.Build.0 = Release|Any CPU
		{5A5657F3-A07D-43F5-BDE4-88C085708A52}.AppStore|Any CPU.Deploy.0 = Release|Any CPU
		{5A5657F3-A07D-43F5-BDE4-88C085708A52}.AppStore|ARM.ActiveCfg = Release|Any CPU
		{5A5657F3-A07D-43F5-BDE4-88C085708A52}.AppStore|iPhone.ActiveCfg = Release|Any CPU
		{5A5657F3-A07D-43F5-BDE4-88C085708A52}.AppStore|iPhoneSimulator.ActiveCfg = Release|Any CPU
		{5A5657F3-A07D-43F5-BDE4-88C085708A52}.AppStore|Mixed Platforms.ActiveCfg = Release|Any CPU
		{5A5657F3-A07D-43F5-BDE4-88C085708A52}.AppStore|Mixed Platforms.Build.0 = Release|Any CPU
		{5A5657F3-A07D-43F5-BDE4-88C085708A52}.AppStore|Mixed Platforms.Deploy.0 = Release|Any CPU
		{5A5657F3-A07D-43F5-BDE4-88C085708A52}.AppStore|x86.ActiveCfg = Release|Any CPU
		{5A5657F3-A07D-43F5-BDE4-88C085708A52}.Debug|Any CPU.ActiveCfg = Debug|Any CPU
		{5A5657F3-A07D-43F5-BDE4-88C085708A52}.Debug|Any CPU.Build.0 = Debug|Any CPU
		{5A5657F3-A07D-43F5-BDE4-88C085708A52}.Debug|Any CPU.Deploy.0 = Debug|Any CPU
		{5A5657F3-A07D-43F5-BDE4-88C085708A52}.Debug|ARM.ActiveCfg = Debug|Any CPU
		{5A5657F3-A07D-43F5-BDE4-88C085708A52}.Debug|iPhone.ActiveCfg = Debug|Any CPU
		{5A5657F3-A07D-43F5-BDE4-88C085708A52}.Debug|iPhoneSimulator.ActiveCfg = Debug|Any CPU
		{5A5657F3-A07D-43F5-BDE4-88C085708A52}.Debug|Mixed Platforms.ActiveCfg = Debug|Any CPU
		{5A5657F3-A07D-43F5-BDE4-88C085708A52}.Debug|Mixed Platforms.Build.0 = Debug|Any CPU
		{5A5657F3-A07D-43F5-BDE4-88C085708A52}.Debug|Mixed Platforms.Deploy.0 = Debug|Any CPU
		{5A5657F3-A07D-43F5-BDE4-88C085708A52}.Debug|x86.ActiveCfg = Debug|Any CPU
		{5A5657F3-A07D-43F5-BDE4-88C085708A52}.Release|Any CPU.ActiveCfg = Release|Any CPU
		{5A5657F3-A07D-43F5-BDE4-88C085708A52}.Release|Any CPU.Build.0 = Release|Any CPU
		{5A5657F3-A07D-43F5-BDE4-88C085708A52}.Release|Any CPU.Deploy.0 = Release|Any CPU
		{5A5657F3-A07D-43F5-BDE4-88C085708A52}.Release|ARM.ActiveCfg = Release|Any CPU
		{5A5657F3-A07D-43F5-BDE4-88C085708A52}.Release|iPhone.ActiveCfg = Release|Any CPU
		{5A5657F3-A07D-43F5-BDE4-88C085708A52}.Release|iPhoneSimulator.ActiveCfg = Release|Any CPU
		{5A5657F3-A07D-43F5-BDE4-88C085708A52}.Release|Mixed Platforms.ActiveCfg = Release|Any CPU
		{5A5657F3-A07D-43F5-BDE4-88C085708A52}.Release|Mixed Platforms.Build.0 = Release|Any CPU
		{5A5657F3-A07D-43F5-BDE4-88C085708A52}.Release|Mixed Platforms.Deploy.0 = Release|Any CPU
		{5A5657F3-A07D-43F5-BDE4-88C085708A52}.Release|x86.ActiveCfg = Release|Any CPU
		{6F1B24E3-84C7-44E2-A8E9-1A48C7EBD8EC}.Ad-Hoc|Any CPU.ActiveCfg = Release|Any CPU
		{6F1B24E3-84C7-44E2-A8E9-1A48C7EBD8EC}.Ad-Hoc|Any CPU.Build.0 = Release|Any CPU
		{6F1B24E3-84C7-44E2-A8E9-1A48C7EBD8EC}.Ad-Hoc|ARM.ActiveCfg = Release|Any CPU
		{6F1B24E3-84C7-44E2-A8E9-1A48C7EBD8EC}.Ad-Hoc|iPhone.ActiveCfg = Release|Any CPU
		{6F1B24E3-84C7-44E2-A8E9-1A48C7EBD8EC}.Ad-Hoc|iPhoneSimulator.ActiveCfg = Release|Any CPU
		{6F1B24E3-84C7-44E2-A8E9-1A48C7EBD8EC}.Ad-Hoc|Mixed Platforms.ActiveCfg = Release|Any CPU
		{6F1B24E3-84C7-44E2-A8E9-1A48C7EBD8EC}.Ad-Hoc|Mixed Platforms.Build.0 = Release|Any CPU
		{6F1B24E3-84C7-44E2-A8E9-1A48C7EBD8EC}.Ad-Hoc|x86.ActiveCfg = Release|Any CPU
		{6F1B24E3-84C7-44E2-A8E9-1A48C7EBD8EC}.AppStore|Any CPU.ActiveCfg = Release|Any CPU
		{6F1B24E3-84C7-44E2-A8E9-1A48C7EBD8EC}.AppStore|Any CPU.Build.0 = Release|Any CPU
		{6F1B24E3-84C7-44E2-A8E9-1A48C7EBD8EC}.AppStore|ARM.ActiveCfg = Release|Any CPU
		{6F1B24E3-84C7-44E2-A8E9-1A48C7EBD8EC}.AppStore|iPhone.ActiveCfg = Release|Any CPU
		{6F1B24E3-84C7-44E2-A8E9-1A48C7EBD8EC}.AppStore|iPhoneSimulator.ActiveCfg = Release|Any CPU
		{6F1B24E3-84C7-44E2-A8E9-1A48C7EBD8EC}.AppStore|Mixed Platforms.ActiveCfg = Release|Any CPU
		{6F1B24E3-84C7-44E2-A8E9-1A48C7EBD8EC}.AppStore|Mixed Platforms.Build.0 = Release|Any CPU
		{6F1B24E3-84C7-44E2-A8E9-1A48C7EBD8EC}.AppStore|x86.ActiveCfg = Release|Any CPU
		{6F1B24E3-84C7-44E2-A8E9-1A48C7EBD8EC}.Debug|Any CPU.ActiveCfg = Debug|Any CPU
		{6F1B24E3-84C7-44E2-A8E9-1A48C7EBD8EC}.Debug|Any CPU.Build.0 = Debug|Any CPU
		{6F1B24E3-84C7-44E2-A8E9-1A48C7EBD8EC}.Debug|ARM.ActiveCfg = Debug|Any CPU
		{6F1B24E3-84C7-44E2-A8E9-1A48C7EBD8EC}.Debug|iPhone.ActiveCfg = Debug|Any CPU
		{6F1B24E3-84C7-44E2-A8E9-1A48C7EBD8EC}.Debug|iPhoneSimulator.ActiveCfg = Debug|Any CPU
		{6F1B24E3-84C7-44E2-A8E9-1A48C7EBD8EC}.Debug|Mixed Platforms.ActiveCfg = Debug|Any CPU
		{6F1B24E3-84C7-44E2-A8E9-1A48C7EBD8EC}.Debug|Mixed Platforms.Build.0 = Debug|Any CPU
		{6F1B24E3-84C7-44E2-A8E9-1A48C7EBD8EC}.Debug|x86.ActiveCfg = Debug|Any CPU
		{6F1B24E3-84C7-44E2-A8E9-1A48C7EBD8EC}.Release|Any CPU.ActiveCfg = Release|Any CPU
		{6F1B24E3-84C7-44E2-A8E9-1A48C7EBD8EC}.Release|Any CPU.Build.0 = Release|Any CPU
		{6F1B24E3-84C7-44E2-A8E9-1A48C7EBD8EC}.Release|ARM.ActiveCfg = Release|Any CPU
		{6F1B24E3-84C7-44E2-A8E9-1A48C7EBD8EC}.Release|iPhone.ActiveCfg = Release|Any CPU
		{6F1B24E3-84C7-44E2-A8E9-1A48C7EBD8EC}.Release|iPhoneSimulator.ActiveCfg = Release|Any CPU
		{6F1B24E3-84C7-44E2-A8E9-1A48C7EBD8EC}.Release|Mixed Platforms.ActiveCfg = Release|Any CPU
		{6F1B24E3-84C7-44E2-A8E9-1A48C7EBD8EC}.Release|Mixed Platforms.Build.0 = Release|Any CPU
		{6F1B24E3-84C7-44E2-A8E9-1A48C7EBD8EC}.Release|x86.ActiveCfg = Release|Any CPU
		{AB32820E-E6DF-4C11-8733-D46931BCF647}.Ad-Hoc|Any CPU.ActiveCfg = Ad-Hoc|iPhone
		{AB32820E-E6DF-4C11-8733-D46931BCF647}.Ad-Hoc|ARM.ActiveCfg = Ad-Hoc|iPhone
		{AB32820E-E6DF-4C11-8733-D46931BCF647}.Ad-Hoc|iPhone.ActiveCfg = Ad-Hoc|iPhone
		{AB32820E-E6DF-4C11-8733-D46931BCF647}.Ad-Hoc|iPhone.Build.0 = Ad-Hoc|iPhone
		{AB32820E-E6DF-4C11-8733-D46931BCF647}.Ad-Hoc|iPhoneSimulator.ActiveCfg = Ad-Hoc|iPhoneSimulator
		{AB32820E-E6DF-4C11-8733-D46931BCF647}.Ad-Hoc|iPhoneSimulator.Build.0 = Ad-Hoc|iPhoneSimulator
		{AB32820E-E6DF-4C11-8733-D46931BCF647}.Ad-Hoc|Mixed Platforms.ActiveCfg = Ad-Hoc|iPhone
		{AB32820E-E6DF-4C11-8733-D46931BCF647}.Ad-Hoc|Mixed Platforms.Build.0 = Ad-Hoc|iPhone
		{AB32820E-E6DF-4C11-8733-D46931BCF647}.Ad-Hoc|x86.ActiveCfg = Ad-Hoc|iPhone
		{AB32820E-E6DF-4C11-8733-D46931BCF647}.AppStore|Any CPU.ActiveCfg = AppStore|iPhone
		{AB32820E-E6DF-4C11-8733-D46931BCF647}.AppStore|ARM.ActiveCfg = AppStore|iPhone
		{AB32820E-E6DF-4C11-8733-D46931BCF647}.AppStore|iPhone.ActiveCfg = AppStore|iPhone
		{AB32820E-E6DF-4C11-8733-D46931BCF647}.AppStore|iPhone.Build.0 = AppStore|iPhone
		{AB32820E-E6DF-4C11-8733-D46931BCF647}.AppStore|iPhoneSimulator.ActiveCfg = AppStore|iPhoneSimulator
		{AB32820E-E6DF-4C11-8733-D46931BCF647}.AppStore|iPhoneSimulator.Build.0 = AppStore|iPhoneSimulator
		{AB32820E-E6DF-4C11-8733-D46931BCF647}.AppStore|Mixed Platforms.ActiveCfg = AppStore|iPhone
		{AB32820E-E6DF-4C11-8733-D46931BCF647}.AppStore|Mixed Platforms.Build.0 = AppStore|iPhone
		{AB32820E-E6DF-4C11-8733-D46931BCF647}.AppStore|x86.ActiveCfg = AppStore|iPhone
		{AB32820E-E6DF-4C11-8733-D46931BCF647}.Debug|Any CPU.ActiveCfg = Debug|iPhone
		{AB32820E-E6DF-4C11-8733-D46931BCF647}.Debug|Any CPU.Build.0 = Debug|iPhone
		{AB32820E-E6DF-4C11-8733-D46931BCF647}.Debug|ARM.ActiveCfg = Debug|iPhone
		{AB32820E-E6DF-4C11-8733-D46931BCF647}.Debug|iPhone.ActiveCfg = Debug|iPhone
		{AB32820E-E6DF-4C11-8733-D46931BCF647}.Debug|iPhone.Build.0 = Debug|iPhone
		{AB32820E-E6DF-4C11-8733-D46931BCF647}.Debug|iPhoneSimulator.ActiveCfg = Debug|iPhoneSimulator
		{AB32820E-E6DF-4C11-8733-D46931BCF647}.Debug|iPhoneSimulator.Build.0 = Debug|iPhoneSimulator
		{AB32820E-E6DF-4C11-8733-D46931BCF647}.Debug|Mixed Platforms.ActiveCfg = Debug|iPhone
		{AB32820E-E6DF-4C11-8733-D46931BCF647}.Debug|Mixed Platforms.Build.0 = Debug|iPhone
		{AB32820E-E6DF-4C11-8733-D46931BCF647}.Debug|x86.ActiveCfg = Debug|iPhone
		{AB32820E-E6DF-4C11-8733-D46931BCF647}.Release|Any CPU.ActiveCfg = Release|iPhone
		{AB32820E-E6DF-4C11-8733-D46931BCF647}.Release|ARM.ActiveCfg = Release|iPhone
		{AB32820E-E6DF-4C11-8733-D46931BCF647}.Release|iPhone.ActiveCfg = Release|iPhone
		{AB32820E-E6DF-4C11-8733-D46931BCF647}.Release|iPhone.Build.0 = Release|iPhone
		{AB32820E-E6DF-4C11-8733-D46931BCF647}.Release|iPhoneSimulator.ActiveCfg = Release|iPhoneSimulator
		{AB32820E-E6DF-4C11-8733-D46931BCF647}.Release|iPhoneSimulator.Build.0 = Release|iPhoneSimulator
		{AB32820E-E6DF-4C11-8733-D46931BCF647}.Release|Mixed Platforms.ActiveCfg = Release|iPhone
		{AB32820E-E6DF-4C11-8733-D46931BCF647}.Release|Mixed Platforms.Build.0 = Release|iPhone
		{AB32820E-E6DF-4C11-8733-D46931BCF647}.Release|x86.ActiveCfg = Release|iPhone
	EndGlobalSection
	GlobalSection(NestedProjects) = preSolution
		{1813F3B1-709A-490F-B09D-03DA2CBFDFC3} = {15FADD3C-E451-40FB-96DF-DF8BB81F0C83}
		{5A5657F3-A07D-43F5-BDE4-88C085708A52} = {15FADD3C-E451-40FB-96DF-DF8BB81F0C83}
		{13A16FB7-96C3-4063-B147-F3A7E65D0861} = {15FADD3C-E451-40FB-96DF-DF8BB81F0C83}
	EndGlobalSection
	GlobalSection(MonoDevelopProperties) = preSolution
		StartupItem = EvolveQuest.iOS\EvolveQuest.iOS.csproj
		Policies = $0
		$0.DotNetNamingPolicy = $1
		$1.DirectoryNamespaceAssociation = PrefixedHierarchical
		$1.ResourceNamePolicy = FileName
		$0.TextStylePolicy = $2
		$2.inheritsSet = VisualStudio
		$2.inheritsScope = text/plain
		$2.scope = text/x-csharp
		$0.CSharpFormattingPolicy = $3
		$3.IndentSwitchBody = True
		$3.IndentBlocksInsideExpressions = True
		$3.AnonymousMethodBraceStyle = NextLine
		$3.PropertyBraceStyle = NextLine
		$3.PropertyGetBraceStyle = NextLine
		$3.PropertySetBraceStyle = NextLine
		$3.EventBraceStyle = NextLine
		$3.EventAddBraceStyle = NextLine
		$3.EventRemoveBraceStyle = NextLine
		$3.StatementBraceStyle = NextLine
		$3.ElseNewLinePlacement = NewLine
		$3.CatchNewLinePlacement = NewLine
		$3.FinallyNewLinePlacement = NewLine
		$3.WhileNewLinePlacement = DoNotCare
		$3.ArrayInitializerWrapping = DoNotChange
		$3.ArrayInitializerBraceStyle = NextLine
		$3.BeforeMethodDeclarationParentheses = False
		$3.BeforeMethodCallParentheses = False
		$3.BeforeConstructorDeclarationParentheses = False
		$3.NewLineBeforeConstructorInitializerColon = NewLine
		$3.NewLineAfterConstructorInitializerColon = SameLine
		$3.BeforeDelegateDeclarationParentheses = False
		$3.NewParentheses = False
		$3.SpacesBeforeBrackets = False
		$3.inheritsSet = Mono
		$3.inheritsScope = text/x-csharp
		$3.scope = text/x-csharp
		$0.NameConventionPolicy = $4
		$4.Rules = $5
		$5.NamingRule = $6
		$6.Name = Namespaces
		$6.AffectedEntity = Namespace
		$6.VisibilityMask = VisibilityMask
		$6.NamingStyle = PascalCase
		$6.IncludeInstanceMembers = True
		$6.IncludeStaticEntities = True
		$5.NamingRule = $7
		$7.Name = Types
		$7.AffectedEntity = Class, Struct, Enum, Delegate
		$7.VisibilityMask = Public
		$7.NamingStyle = PascalCase
		$7.IncludeInstanceMembers = True
		$7.IncludeStaticEntities = True
		$5.NamingRule = $8
		$8.Name = Interfaces
		$8.RequiredPrefixes = $9
		$9.String = I
		$8.AffectedEntity = Interface
		$8.VisibilityMask = Public
		$8.NamingStyle = PascalCase
		$8.IncludeInstanceMembers = True
		$8.IncludeStaticEntities = True
		$5.NamingRule = $10
		$10.Name = Attributes
		$10.RequiredSuffixes = $11
		$11.String = Attribute
		$10.AffectedEntity = CustomAttributes
		$10.VisibilityMask = Public
		$10.NamingStyle = PascalCase
		$10.IncludeInstanceMembers = True
		$10.IncludeStaticEntities = True
		$5.NamingRule = $12
		$12.Name = Event Arguments
		$12.RequiredSuffixes = $13
		$13.String = EventArgs
		$12.AffectedEntity = CustomEventArgs
		$12.VisibilityMask = Public
		$12.NamingStyle = PascalCase
		$12.IncludeInstanceMembers = True
		$12.IncludeStaticEntities = True
		$5.NamingRule = $14
		$14.Name = Exceptions
		$14.RequiredSuffixes = $15
		$15.String = Exception
		$14.AffectedEntity = CustomExceptions
		$14.VisibilityMask = VisibilityMask
		$14.NamingStyle = PascalCase
		$14.IncludeInstanceMembers = True
		$14.IncludeStaticEntities = True
		$5.NamingRule = $16
		$16.Name = Methods
		$16.AffectedEntity = Methods
		$16.VisibilityMask = Protected, Public
		$16.NamingStyle = PascalCase
		$16.IncludeInstanceMembers = True
		$16.IncludeStaticEntities = True
		$5.NamingRule = $17
		$17.Name = Static Readonly Fields
		$17.AffectedEntity = ReadonlyField
		$17.VisibilityMask = Protected, Public
		$17.NamingStyle = PascalCase
		$17.IncludeInstanceMembers = False
		$17.IncludeStaticEntities = True
		$5.NamingRule = $18
		$18.Name = Fields
		$18.AffectedEntity = Field
		$18.VisibilityMask = Protected, Public
		$18.NamingStyle = PascalCase
		$18.IncludeInstanceMembers = True
		$18.IncludeStaticEntities = True
		$5.NamingRule = $19
		$19.Name = ReadOnly Fields
		$19.AffectedEntity = ReadonlyField
		$19.VisibilityMask = Protected, Public
		$19.NamingStyle = PascalCase
		$19.IncludeInstanceMembers = True
		$19.IncludeStaticEntities = False
		$5.NamingRule = $20
		$20.Name = Constant Fields
		$20.AffectedEntity = ConstantField
		$20.VisibilityMask = Protected, Public
		$20.NamingStyle = PascalCase
		$20.IncludeInstanceMembers = True
		$20.IncludeStaticEntities = True
		$5.NamingRule = $21
		$21.Name = Properties
		$21.AffectedEntity = Property
		$21.VisibilityMask = Protected, Public
		$21.NamingStyle = PascalCase
		$21.IncludeInstanceMembers = True
		$21.IncludeStaticEntities = True
		$5.NamingRule = $22
		$22.Name = Events
		$22.AffectedEntity = Event
		$22.VisibilityMask = Protected, Public
		$22.NamingStyle = PascalCase
		$22.IncludeInstanceMembers = True
		$22.IncludeStaticEntities = True
		$5.NamingRule = $23
		$23.Name = Enum Members
		$23.AffectedEntity = EnumMember
		$23.VisibilityMask = VisibilityMask
		$23.NamingStyle = PascalCase
		$23.IncludeInstanceMembers = True
		$23.IncludeStaticEntities = True
		$5.NamingRule = $24
		$24.Name = Parameters
		$24.AffectedEntity = Parameter
		$24.VisibilityMask = VisibilityMask
		$24.NamingStyle = CamelCase
		$24.IncludeInstanceMembers = True
		$24.IncludeStaticEntities = True
		$5.NamingRule = $25
		$25.Name = Type Parameters
		$25.RequiredPrefixes = $26
		$26.String = T
		$25.AffectedEntity = TypeParameter
		$25.VisibilityMask = VisibilityMask
		$25.NamingStyle = PascalCase
		$25.IncludeInstanceMembers = True
		$25.IncludeStaticEntities = True
	EndGlobalSection
	GlobalSection(SharedMSBuildProjectFiles) = preSolution
		EvolveQuest.Shared\EvolveQuest.Shared.projitems*{8aaa4114-f076-4fab-89d0-e3500e28ccc0}*SharedItemsImports = 13
		EvolveQuest.Shared\EvolveQuest.Shared.projitems*{ab32820e-e6df-4c11-8733-d46931bcf647}*SharedItemsImports = 4
		EvolveQuest.Shared\EvolveQuest.Shared.projitems*{1813f3b1-709a-490f-b09d-03da2cbfdfc3}*SharedItemsImports = 4
		EvolveQuest.Shared\EvolveQuest.Shared.projitems*{5a5657f3-a07d-43f5-bde4-88c085708a52}*SharedItemsImports = 4
		EvolveQuest.Shared\EvolveQuest.Shared.projitems*{13a16fb7-96c3-4063-b147-f3a7e65d0861}*SharedItemsImports = 4
	EndGlobalSection
	GlobalSection(SolutionProperties) = preSolution
		HideSolutionNode = FALSE
	EndGlobalSection
EndGlobal
